{
  "name": "eslint-config-frontend-rules",
  "version": "1.4.0",
  "lockfileVersion": 1,
  "requires": true,
  "dependencies": {
    "confusing-browser-globals": {
      "version": "1.0.11",
      "resolved": "https://registry.npmjs.org/confusing-browser-globals/-/confusing-browser-globals-1.0.11.tgz",
      "integrity": "sha512-JsPKdmh8ZkmnHxDk55FZ1TqVLvEQTvoByJZRN9jzI0UjxK/QgAmsphz7PGtqgPieQZ/CQcHWXCR7ATDNhGe+YA=="
    }
  }
}
